
Microsoft Visual Studio Solution File, Format Version 12.00
# Visual Studio 15
VisualStudioVersion = 15.0.27130.2010
MinimumVisualStudioVersion = 10.0.40219.1
Project("{FAE04EC0-301F-11D3-BF4B-00C04F79EFBC}") = "UpbitHelper", "UpbitHelper\UpbitHelper.csproj", "{DC02F1D9-CAB9-4A41-BAB6-3E00CE071D83}"
EndProject
Global
	GlobalSection(SolutionConfigurationPlatforms) = preSolution
		Debug|Any CPU = Debug|Any CPU
		Release|Any CPU = Release|Any CPU
	EndGlobalSection
	GlobalSection(ProjectConfigurationPlatforms) = postSolution
		{DC02F1D9-CAB9-4A41-BAB6-3E00CE071D83}.Debug|Any CPU.ActiveCfg = Debug|Any CPU
		{DC02F1D9-CAB9-4A41-BAB6-3E00CE071D83}.Debug|Any CPU.Build.0 = Debug|Any CPU
		{DC02F1D9-CAB9-4A41-BAB6-3E00CE071D83}.Release|Any CPU.ActiveCfg = Release|Any CPU
		{DC02F1D9-CAB9-4A41-BAB6-3E00CE071D83}.Release|Any CPU.Build.0 = Release|Any CPU
	EndGlobalSection
	GlobalSection(SolutionProperties) = preSolution
		HideSolutionNode = FALSE
	EndGlobalSection
	GlobalSection(ExtensibilityGlobals) = postSolution
		SolutionGuid = {FEA7E938-1052-4109-B718-01C591CD7013}
	EndGlobalSection
EndGlobal
